
Microsoft Visual Studio Solution File, Format Version 12.00
# Visual Studio Version 17
VisualStudioVersion = 17.0.32126.317
MinimumVisualStudioVersion = 10.0.40219.1
Project("{FAE04EC0-301F-11D3-BF4B-00C04F79EFBC}") = "QuanLySach", "QuanLySach.csproj", "{BCB0EAA4-3B4F-47EE-A548-4032C87CC7D3}"
EndProject
Global
	GlobalSection(SolutionConfigurationPlatforms) = preSolution
		Debug|Any CPU = Debug|Any CPU
		Release|Any CPU = Release|Any CPU
	EndGlobalSection
	GlobalSection(ProjectConfigurationPlatforms) = postSolution
		{BCB0EAA4-3B4F-47EE-A548-4032C87CC7D3}.Debug|Any CPU.ActiveCfg = Debug|Any CPU
		{BCB0EAA4-3B4F-47EE-A548-4032C87CC7D3}.Debug|Any CPU.Build.0 = Debug|Any CPU
		{BCB0EAA4-3B4F-47EE-A548-4032C87CC7D3}.Release|Any CPU.ActiveCfg = Release|Any CPU
		{BCB0EAA4-3B4F-47EE-A548-4032C87CC7D3}.Release|Any CPU.Build.0 = Release|Any CPU
	EndGlobalSection
	GlobalSection(SolutionProperties) = preSolution
		HideSolutionNode = FALSE
	EndGlobalSection
	GlobalSection(ExtensibilityGlobals) = postSolution
		SolutionGuid = {23298E78-021F-4892-8563-9D78393DBF77}
	EndGlobalSection
EndGlobal
